// !$*UTF8*$!
{
	archiveVersion = 1;
	classes = {
	};
	objectVersion = 48;
	objects = {

/* Begin PBXBuildFile section */
		5B05D406202196BE00377973 /* MainViewController.m in Sources */ = {isa = PBXBuildFile; fileRef = 5B05D405202196BE00377973 /* MainViewController.m */; };
		5B47AE232029A3DB003CA421 /* BlockTestViewController.m in Sources */ = {isa = PBXBuildFile; fileRef = 5B47AE222029A3DB003CA421 /* BlockTestViewController.m */; };
		5B71D95C2021AEC600902EBE /* BaseViewController.m in Sources */ = {isa = PBXBuildFile; fileRef = 5B71D95B2021AEC600902EBE /* BaseViewController.m */; };
		5B71D9602021B3EB00902EBE /* JNPhoneInfo.m in Sources */ = {isa = PBXBuildFile; fileRef = 5B71D95F2021B3EB00902EBE /* JNPhoneInfo.m */; };
		5B71D9632021BC2E00902EBE /* JNNetworkTools.m in Sources */ = {isa = PBXBuildFile; fileRef = 5B71D9622021BC2E00902EBE /* JNNetworkTools.m */; };
		5B71D9662021BCA100902EBE /* JNUtilHeader.m in Sources */ = {isa = PBXBuildFile; fileRef = 5B71D9652021BCA100902EBE /* JNUtilHeader.m */; };
		5B88388B202A937B004E63A9 /* JNAlertView.m in Sources */ = {isa = PBXBuildFile; fileRef = 5B88388A202A937B004E63A9 /* JNAlertView.m */; };
		5B883890202ADCF9004E63A9 /* NavigationMainViewController.m in Sources */ = {isa = PBXBuildFile; fileRef = 5B88388F202ADCF9004E63A9 /* NavigationMainViewController.m */; };
		5B883896202ADFA6004E63A9 /* Test01AViewController.m in Sources */ = {isa = PBXBuildFile; fileRef = 5B883895202ADFA6004E63A9 /* Test01AViewController.m */; };
		5B883899202ADFB0004E63A9 /* Test01BViewController.m in Sources */ = {isa = PBXBuildFile; fileRef = 5B883898202ADFB0004E63A9 /* Test01BViewController.m */; };
		5B88389C202ADFBA004E63A9 /* Test02AViewController.m in Sources */ = {isa = PBXBuildFile; fileRef = 5B88389B202ADFBA004E63A9 /* Test02AViewController.m */; };
		5B88389F202ADFC3004E63A9 /* Test02BViewController.m in Sources */ = {isa = PBXBuildFile; fileRef = 5B88389E202ADFC3004E63A9 /* Test02BViewController.m */; };
		5B8838A2202ADFCD004E63A9 /* Test03AViewController.m in Sources */ = {isa = PBXBuildFile; fileRef = 5B8838A1202ADFCD004E63A9 /* Test03AViewController.m */; };
		5B8838A5202ADFD5004E63A9 /* Test03BViewController.m in Sources */ = {isa = PBXBuildFile; fileRef = 5B8838A4202ADFD5004E63A9 /* Test03BViewController.m */; };
		5B8838A8202AE1E2004E63A9 /* Test01PresentTransition.m in Sources */ = {isa = PBXBuildFile; fileRef = 5B8838A7202AE1E1004E63A9 /* Test01PresentTransition.m */; };
		5B8838AB202B0323004E63A9 /* JNInteractiveTransition.m in Sources */ = {isa = PBXBuildFile; fileRef = 5B8838AA202B0322004E63A9 /* JNInteractiveTransition.m */; };
		5B8E1D7D2024335B00BD2A18 /* GCDTestViewController.m in Sources */ = {isa = PBXBuildFile; fileRef = 5B8E1D7C2024335B00BD2A18 /* GCDTestViewController.m */; };
		5B8E1D802024502000BD2A18 /* ThreadTestViewController.m in Sources */ = {isa = PBXBuildFile; fileRef = 5B8E1D7F2024502000BD2A18 /* ThreadTestViewController.m */; };
		5B8E1D832024578100BD2A18 /* MutiThreadViewController.m in Sources */ = {isa = PBXBuildFile; fileRef = 5B8E1D822024578100BD2A18 /* MutiThreadViewController.m */; };
		5B8E1D86202465EA00BD2A18 /* ThreadCommunicationViewController.m in Sources */ = {isa = PBXBuildFile; fileRef = 5B8E1D85202465EA00BD2A18 /* ThreadCommunicationViewController.m */; };
		5BF55150201B2976005696E4 /* AppDelegate.m in Sources */ = {isa = PBXBuildFile; fileRef = 5BF5514F201B2976005696E4 /* AppDelegate.m */; };
		5BF55156201B2976005696E4 /* Main.storyboard in Resources */ = {isa = PBXBuildFile; fileRef = 5BF55154201B2976005696E4 /* Main.storyboard */; };
		5BF55158201B2976005696E4 /* Assets.xcassets in Resources */ = {isa = PBXBuildFile; fileRef = 5BF55157201B2976005696E4 /* Assets.xcassets */; };
		5BF5515B201B2976005696E4 /* LaunchScreen.storyboard in Resources */ = {isa = PBXBuildFile; fileRef = 5BF55159201B2976005696E4 /* LaunchScreen.storyboard */; };
		5BF5515E201B2976005696E4 /* main.m in Sources */ = {isa = PBXBuildFile; fileRef = 5BF5515D201B2976005696E4 /* main.m */; };
		5BF55168201B2976005696E4 /* CommonFunctionRepositoryTests.m in Sources */ = {isa = PBXBuildFile; fileRef = 5BF55167201B2976005696E4 /* CommonFunctionRepositoryTests.m */; };
		5BF55173201B2976005696E4 /* CommonFunctionRepositoryUITests.m in Sources */ = {isa = PBXBuildFile; fileRef = 5BF55172201B2976005696E4 /* CommonFunctionRepositoryUITests.m */; };
/* End PBXBuildFile section */

/* Begin PBXContainerItemProxy section */
		5BF55164201B2976005696E4 /* PBXContainerItemProxy */ = {
			isa = PBXContainerItemProxy;
			containerPortal = 5BF55143201B2975005696E4 /* Project object */;
			proxyType = 1;
			remoteGlobalIDString = 5BF5514A201B2976005696E4;
			remoteInfo = CommonFunctionRepository;
		};
		5BF5516F201B2976005696E4 /* PBXContainerItemProxy */ = {
			isa = PBXContainerItemProxy;
			containerPortal = 5BF55143201B2975005696E4 /* Project object */;
			proxyType = 1;
			remoteGlobalIDString = 5BF5514A201B2976005696E4;
			remoteInfo = CommonFunctionRepository;
		};
/* End PBXContainerItemProxy section */

/* Begin PBXFileReference section */
		5B05D404202196BE00377973 /* MainViewController.h */ = {isa = PBXFileReference; lastKnownFileType = sourcecode.c.h; path = MainViewController.h; sourceTree = "<group>"; };
		5B05D405202196BE00377973 /* MainViewController.m */ = {isa = PBXFileReference; lastKnownFileType = sourcecode.c.objc; path = MainViewController.m; sourceTree = "<group>"; };
		5B47AE212029A3DB003CA421 /* BlockTestViewController.h */ = {isa = PBXFileReference; lastKnownFileType = sourcecode.c.h; path = BlockTestViewController.h; sourceTree = "<group>"; };
		5B47AE222029A3DB003CA421 /* BlockTestViewController.m */ = {isa = PBXFileReference; lastKnownFileType = sourcecode.c.objc; path = BlockTestViewController.m; sourceTree = "<group>"; };
		5B71D95A2021AEC600902EBE /* BaseViewController.h */ = {isa = PBXFileReference; lastKnownFileType = sourcecode.c.h; path = BaseViewController.h; sourceTree = "<group>"; };
		5B71D95B2021AEC600902EBE /* BaseViewController.m */ = {isa = PBXFileReference; lastKnownFileType = sourcecode.c.objc; path = BaseViewController.m; sourceTree = "<group>"; };
		5B71D95E2021B3EB00902EBE /* JNPhoneInfo.h */ = {isa = PBXFileReference; lastKnownFileType = sourcecode.c.h; path = JNPhoneInfo.h; sourceTree = "<group>"; };
		5B71D95F2021B3EB00902EBE /* JNPhoneInfo.m */ = {isa = PBXFileReference; lastKnownFileType = sourcecode.c.objc; path = JNPhoneInfo.m; sourceTree = "<group>"; };
		5B71D9612021BC2E00902EBE /* JNNetworkTools.h */ = {isa = PBXFileReference; lastKnownFileType = sourcecode.c.h; path = JNNetworkTools.h; sourceTree = "<group>"; };
		5B71D9622021BC2E00902EBE /* JNNetworkTools.m */ = {isa = PBXFileReference; lastKnownFileType = sourcecode.c.objc; path = JNNetworkTools.m; sourceTree = "<group>"; };
		5B71D9642021BCA100902EBE /* JNUtilHeader.h */ = {isa = PBXFileReference; lastKnownFileType = sourcecode.c.h; path = JNUtilHeader.h; sourceTree = "<group>"; };
		5B71D9652021BCA100902EBE /* JNUtilHeader.m */ = {isa = PBXFileReference; lastKnownFileType = sourcecode.c.objc; path = JNUtilHeader.m; sourceTree = "<group>"; };
		5B883889202A937B004E63A9 /* JNAlertView.h */ = {isa = PBXFileReference; fileEncoding = 4; lastKnownFileType = sourcecode.c.h; path = JNAlertView.h; sourceTree = "<group>"; };
		5B88388A202A937B004E63A9 /* JNAlertView.m */ = {isa = PBXFileReference; fileEncoding = 4; lastKnownFileType = sourcecode.c.objc; path = JNAlertView.m; sourceTree = "<group>"; };
		5B88388E202ADCF9004E63A9 /* NavigationMainViewController.h */ = {isa = PBXFileReference; lastKnownFileType = sourcecode.c.h; path = NavigationMainViewController.h; sourceTree = "<group>"; };
		5B88388F202ADCF9004E63A9 /* NavigationMainViewController.m */ = {isa = PBXFileReference; lastKnownFileType = sourcecode.c.objc; path = NavigationMainViewController.m; sourceTree = "<group>"; };
		5B883894202ADFA6004E63A9 /* Test01AViewController.h */ = {isa = PBXFileReference; lastKnownFileType = sourcecode.c.h; path = Test01AViewController.h; sourceTree = "<group>"; };
		5B883895202ADFA6004E63A9 /* Test01AViewController.m */ = {isa = PBXFileReference; lastKnownFileType = sourcecode.c.objc; path = Test01AViewController.m; sourceTree = "<group>"; };
		5B883897202ADFB0004E63A9 /* Test01BViewController.h */ = {isa = PBXFileReference; lastKnownFileType = sourcecode.c.h; path = Test01BViewController.h; sourceTree = "<group>"; };
		5B883898202ADFB0004E63A9 /* Test01BViewController.m */ = {isa = PBXFileReference; lastKnownFileType = sourcecode.c.objc; path = Test01BViewController.m; sourceTree = "<group>"; };
		5B88389A202ADFBA004E63A9 /* Test02AViewController.h */ = {isa = PBXFileReference; lastKnownFileType = sourcecode.c.h; path = Test02AViewController.h; sourceTree = "<group>"; };
		5B88389B202ADFBA004E63A9 /* Test02AViewController.m */ = {isa = PBXFileReference; lastKnownFileType = sourcecode.c.objc; path = Test02AViewController.m; sourceTree = "<group>"; };
		5B88389D202ADFC3004E63A9 /* Test02BViewController.h */ = {isa = PBXFileReference; lastKnownFileType = sourcecode.c.h; path = Test02BViewController.h; sourceTree = "<group>"; };
		5B88389E202ADFC3004E63A9 /* Test02BViewController.m */ = {isa = PBXFileReference; lastKnownFileType = sourcecode.c.objc; path = Test02BViewController.m; sourceTree = "<group>"; };
		5B8838A0202ADFCD004E63A9 /* Test03AViewController.h */ = {isa = PBXFileReference; lastKnownFileType = sourcecode.c.h; path = Test03AViewController.h; sourceTree = "<group>"; };
		5B8838A1202ADFCD004E63A9 /* Test03AViewController.m */ = {isa = PBXFileReference; lastKnownFileType = sourcecode.c.objc; path = Test03AViewController.m; sourceTree = "<group>"; };
		5B8838A3202ADFD5004E63A9 /* Test03BViewController.h */ = {isa = PBXFileReference; lastKnownFileType = sourcecode.c.h; path = Test03BViewController.h; sourceTree = "<group>"; };
		5B8838A4202ADFD5004E63A9 /* Test03BViewController.m */ = {isa = PBXFileReference; lastKnownFileType = sourcecode.c.objc; path = Test03BViewController.m; sourceTree = "<group>"; };
		5B8838A6202AE1E1004E63A9 /* Test01PresentTransition.h */ = {isa = PBXFileReference; lastKnownFileType = sourcecode.c.h; path = Test01PresentTransition.h; sourceTree = "<group>"; };
		5B8838A7202AE1E1004E63A9 /* Test01PresentTransition.m */ = {isa = PBXFileReference; lastKnownFileType = sourcecode.c.objc; path = Test01PresentTransition.m; sourceTree = "<group>"; };
		5B8838A9202B0322004E63A9 /* JNInteractiveTransition.h */ = {isa = PBXFileReference; lastKnownFileType = sourcecode.c.h; path = JNInteractiveTransition.h; sourceTree = "<group>"; };
		5B8838AA202B0322004E63A9 /* JNInteractiveTransition.m */ = {isa = PBXFileReference; lastKnownFileType = sourcecode.c.objc; path = JNInteractiveTransition.m; sourceTree = "<group>"; };
		5B8E1D7B2024335B00BD2A18 /* GCDTestViewController.h */ = {isa = PBXFileReference; lastKnownFileType = sourcecode.c.h; path = GCDTestViewController.h; sourceTree = "<group>"; };
		5B8E1D7C2024335B00BD2A18 /* GCDTestViewController.m */ = {isa = PBXFileReference; lastKnownFileType = sourcecode.c.objc; path = GCDTestViewController.m; sourceTree = "<group>"; };
		5B8E1D7E2024502000BD2A18 /* ThreadTestViewController.h */ = {isa = PBXFileReference; lastKnownFileType = sourcecode.c.h; path = ThreadTestViewController.h; sourceTree = "<group>"; };
		5B8E1D7F2024502000BD2A18 /* ThreadTestViewController.m */ = {isa = PBXFileReference; lastKnownFileType = sourcecode.c.objc; path = ThreadTestViewController.m; sourceTree = "<group>"; };
		5B8E1D812024578100BD2A18 /* MutiThreadViewController.h */ = {isa = PBXFileReference; lastKnownFileType = sourcecode.c.h; path = MutiThreadViewController.h; sourceTree = "<group>"; };
		5B8E1D822024578100BD2A18 /* MutiThreadViewController.m */ = {isa = PBXFileReference; lastKnownFileType = sourcecode.c.objc; path = MutiThreadViewController.m; sourceTree = "<group>"; };
		5B8E1D84202465EA00BD2A18 /* ThreadCommunicationViewController.h */ = {isa = PBXFileReference; lastKnownFileType = sourcecode.c.h; path = ThreadCommunicationViewController.h; sourceTree = "<group>"; };
		5B8E1D85202465EA00BD2A18 /* ThreadCommunicationViewController.m */ = {isa = PBXFileReference; lastKnownFileType = sourcecode.c.objc; path = ThreadCommunicationViewController.m; sourceTree = "<group>"; };
		5BF5514B201B2976005696E4 /* CommonFunctionRepository.app */ = {isa = PBXFileReference; explicitFileType = wrapper.application; includeInIndex = 0; path = CommonFunctionRepository.app; sourceTree = BUILT_PRODUCTS_DIR; };
		5BF5514E201B2976005696E4 /* AppDelegate.h */ = {isa = PBXFileReference; lastKnownFileType = sourcecode.c.h; path = AppDelegate.h; sourceTree = "<group>"; };
		5BF5514F201B2976005696E4 /* AppDelegate.m */ = {isa = PBXFileReference; lastKnownFileType = sourcecode.c.objc; path = AppDelegate.m; sourceTree = "<group>"; };
		5BF55155201B2976005696E4 /* Base */ = {isa = PBXFileReference; lastKnownFileType = file.storyboard; name = Base; path = Base.lproj/Main.storyboard; sourceTree = "<group>"; };
		5BF55157201B2976005696E4 /* Assets.xcassets */ = {isa = PBXFileReference; lastKnownFileType = folder.assetcatalog; path = Assets.xcassets; sourceTree = "<group>"; };
		5BF5515A201B2976005696E4 /* Base */ = {isa = PBXFileReference; lastKnownFileType = file.storyboard; name = Base; path = Base.lproj/LaunchScreen.storyboard; sourceTree = "<group>"; };
		5BF5515C201B2976005696E4 /* Info.plist */ = {isa = PBXFileReference; lastKnownFileType = text.plist.xml; path = Info.plist; sourceTree = "<group>"; };
		5BF5515D201B2976005696E4 /* main.m */ = {isa = PBXFileReference; lastKnownFileType = sourcecode.c.objc; path = main.m; sourceTree = "<group>"; };
		5BF55163201B2976005696E4 /* CommonFunctionRepositoryTests.xctest */ = {isa = PBXFileReference; explicitFileType = wrapper.cfbundle; includeInIndex = 0; path = CommonFunctionRepositoryTests.xctest; sourceTree = BUILT_PRODUCTS_DIR; };
		5BF55167201B2976005696E4 /* CommonFunctionRepositoryTests.m */ = {isa = PBXFileReference; lastKnownFileType = sourcecode.c.objc; path = CommonFunctionRepositoryTests.m; sourceTree = "<group>"; };
		5BF55169201B2976005696E4 /* Info.plist */ = {isa = PBXFileReference; lastKnownFileType = text.plist.xml; path = Info.plist; sourceTree = "<group>"; };
		5BF5516E201B2976005696E4 /* CommonFunctionRepositoryUITests.xctest */ = {isa = PBXFileReference; explicitFileType = wrapper.cfbundle; includeInIndex = 0; path = CommonFunctionRepositoryUITests.xctest; sourceTree = BUILT_PRODUCTS_DIR; };
		5BF55172201B2976005696E4 /* CommonFunctionRepositoryUITests.m */ = {isa = PBXFileReference; lastKnownFileType = sourcecode.c.objc; path = CommonFunctionRepositoryUITests.m; sourceTree = "<group>"; };
		5BF55174201B2976005696E4 /* Info.plist */ = {isa = PBXFileReference; lastKnownFileType = text.plist.xml; path = Info.plist; sourceTree = "<group>"; };
/* End PBXFileReference section */

/* Begin PBXFrameworksBuildPhase section */
		5BF55148201B2976005696E4 /* Frameworks */ = {
			isa = PBXFrameworksBuildPhase;
			buildActionMask = 2147483647;
			files = (
			);
			runOnlyForDeploymentPostprocessing = 0;
		};
		5BF55160201B2976005696E4 /* Frameworks */ = {
			isa = PBXFrameworksBuildPhase;
			buildActionMask = 2147483647;
			files = (
			);
			runOnlyForDeploymentPostprocessing = 0;
		};
		5BF5516B201B2976005696E4 /* Frameworks */ = {
			isa = PBXFrameworksBuildPhase;
			buildActionMask = 2147483647;
			files = (
			);
			runOnlyForDeploymentPostprocessing = 0;
		};
/* End PBXFrameworksBuildPhase section */

/* Begin PBXGroup section */
		5B05D3FB202174A600377973 /* Main */ = {
			isa = PBXGroup;
			children = (
				5BF5514E201B2976005696E4 /* AppDelegate.h */,
				5BF5514F201B2976005696E4 /* AppDelegate.m */,
				5B05D404202196BE00377973 /* MainViewController.h */,
				5B05D405202196BE00377973 /* MainViewController.m */,
				5B05D400202174A600377973 /* Module */,
				5B05D3FD202174A600377973 /* CommonModel */,
				5B05D3FE202174A600377973 /* CommonView */,
				5B71D9592021AEBC00902EBE /* CommonController */,
				5B05D3FF202174A600377973 /* Libs */,
				5B05D3FC202174A600377973 /* Categories */,
				5B71D95D2021AF0200902EBE /* Utils */,
				5B883884202A933D004E63A9 /* ThirdParty */,
			);
			path = Main;
			sourceTree = "<group>";
		};
		5B05D3FC202174A600377973 /* Categories */ = {
			isa = PBXGroup;
			children = (
			);
			path = Categories;
			sourceTree = "<group>";
		};
		5B05D3FD202174A600377973 /* CommonModel */ = {
			isa = PBXGroup;
			children = (
			);
			path = CommonModel;
			sourceTree = "<group>";
		};
		5B05D3FE202174A600377973 /* CommonView */ = {
			isa = PBXGroup;
			children = (
			);
			path = CommonView;
			sourceTree = "<group>";
		};
		5B05D3FF202174A600377973 /* Libs */ = {
			isa = PBXGroup;
			children = (
			);
			path = Libs;
			sourceTree = "<group>";
		};
		5B05D400202174A600377973 /* Module */ = {
			isa = PBXGroup;
			children = (
				5B88388D202ADCE4004E63A9 /* NavigationTest */,
				5B47AE202029A3C8003CA421 /* Block */,
				5B8E1D7A2024333F00BD2A18 /* GCD */,
			);
			path = Module;
			sourceTree = "<group>";
		};
		5B05D403202174B500377973 /* Resources */ = {
			isa = PBXGroup;
			children = (
			);
			path = Resources;
			sourceTree = "<group>";
		};
		5B47AE202029A3C8003CA421 /* Block */ = {
			isa = PBXGroup;
			children = (
				5B47AE212029A3DB003CA421 /* BlockTestViewController.h */,
				5B47AE222029A3DB003CA421 /* BlockTestViewController.m */,
			);
			path = Block;
			sourceTree = "<group>";
		};
		5B71D9592021AEBC00902EBE /* CommonController */ = {
			isa = PBXGroup;
			children = (
				5B71D95A2021AEC600902EBE /* BaseViewController.h */,
				5B71D95B2021AEC600902EBE /* BaseViewController.m */,
			);
			path = CommonController;
			sourceTree = "<group>";
		};
		5B71D95D2021AF0200902EBE /* Utils */ = {
			isa = PBXGroup;
			children = (
				5B71D9642021BCA100902EBE /* JNUtilHeader.h */,
				5B71D9652021BCA100902EBE /* JNUtilHeader.m */,
				5B71D95E2021B3EB00902EBE /* JNPhoneInfo.h */,
				5B71D95F2021B3EB00902EBE /* JNPhoneInfo.m */,
				5B71D9612021BC2E00902EBE /* JNNetworkTools.h */,
				5B71D9622021BC2E00902EBE /* JNNetworkTools.m */,
			);
			path = Utils;
			sourceTree = "<group>";
		};
		5B883884202A933D004E63A9 /* ThirdParty */ = {
			isa = PBXGroup;
			children = (
				5B883888202A937B004E63A9 /* JNAlertView */,
			);
			path = ThirdParty;
			sourceTree = "<group>";
		};
		5B883888202A937B004E63A9 /* JNAlertView */ = {
			isa = PBXGroup;
			children = (
				5B883889202A937B004E63A9 /* JNAlertView.h */,
				5B88388A202A937B004E63A9 /* JNAlertView.m */,
			);
			path = JNAlertView;
			sourceTree = "<group>";
		};
		5B88388D202ADCE4004E63A9 /* NavigationTest */ = {
			isa = PBXGroup;
			children = (
				5B88388E202ADCF9004E63A9 /* NavigationMainViewController.h */,
				5B88388F202ADCF9004E63A9 /* NavigationMainViewController.m */,
				5B883893202ADF9A004E63A9 /* Test01 */,
				5B883891202ADF99004E63A9 /* Test02 */,
				5B883892202ADF99004E63A9 /* Test03 */,
				5B8838A9202B0322004E63A9 /* JNInteractiveTransition.h */,
				5B8838AA202B0322004E63A9 /* JNInteractiveTransition.m */,
			);
			path = NavigationTest;
			sourceTree = "<group>";
		};
		5B883891202ADF99004E63A9 /* Test02 */ = {
			isa = PBXGroup;
			children = (
				5B88389A202ADFBA004E63A9 /* Test02AViewController.h */,
				5B88389B202ADFBA004E63A9 /* Test02AViewController.m */,
				5B88389D202ADFC3004E63A9 /* Test02BViewController.h */,
				5B88389E202ADFC3004E63A9 /* Test02BViewController.m */,
			);
			path = Test02;
			sourceTree = "<group>";
		};
		5B883892202ADF99004E63A9 /* Test03 */ = {
			isa = PBXGroup;
			children = (
				5B8838A0202ADFCD004E63A9 /* Test03AViewController.h */,
				5B8838A1202ADFCD004E63A9 /* Test03AViewController.m */,
				5B8838A3202ADFD5004E63A9 /* Test03BViewController.h */,
				5B8838A4202ADFD5004E63A9 /* Test03BViewController.m */,
			);
			path = Test03;
			sourceTree = "<group>";
		};
		5B883893202ADF9A004E63A9 /* Test01 */ = {
			isa = PBXGroup;
			children = (
				5B883894202ADFA6004E63A9 /* Test01AViewController.h */,
				5B883895202ADFA6004E63A9 /* Test01AViewController.m */,
				5B883897202ADFB0004E63A9 /* Test01BViewController.h */,
				5B883898202ADFB0004E63A9 /* Test01BViewController.m */,
				5B8838A6202AE1E1004E63A9 /* Test01PresentTransition.h */,
				5B8838A7202AE1E1004E63A9 /* Test01PresentTransition.m */,
			);
			path = Test01;
			sourceTree = "<group>";
		};
		5B8E1D7A2024333F00BD2A18 /* GCD */ = {
			isa = PBXGroup;
			children = (
				5B8E1D7E2024502000BD2A18 /* ThreadTestViewController.h */,
				5B8E1D7F2024502000BD2A18 /* ThreadTestViewController.m */,
				5B8E1D7B2024335B00BD2A18 /* GCDTestViewController.h */,
				5B8E1D7C2024335B00BD2A18 /* GCDTestViewController.m */,
				5B8E1D812024578100BD2A18 /* MutiThreadViewController.h */,
				5B8E1D822024578100BD2A18 /* MutiThreadViewController.m */,
				5B8E1D84202465EA00BD2A18 /* ThreadCommunicationViewController.h */,
				5B8E1D85202465EA00BD2A18 /* ThreadCommunicationViewController.m */,
			);
			path = GCD;
			sourceTree = "<group>";
		};
		5BF55142201B2975005696E4 = {
			isa = PBXGroup;
			children = (
				5BF5514D201B2976005696E4 /* CommonFunctionRepository */,
				5BF55166201B2976005696E4 /* CommonFunctionRepositoryTests */,
				5BF55171201B2976005696E4 /* CommonFunctionRepositoryUITests */,
				5BF5514C201B2976005696E4 /* Products */,
			);
			sourceTree = "<group>";
		};
		5BF5514C201B2976005696E4 /* Products */ = {
			isa = PBXGroup;
			children = (
				5BF5514B201B2976005696E4 /* CommonFunctionRepository.app */,
				5BF55163201B2976005696E4 /* CommonFunctionRepositoryTests.xctest */,
				5BF5516E201B2976005696E4 /* CommonFunctionRepositoryUITests.xctest */,
			);
			name = Products;
			sourceTree = "<group>";
		};
		5BF5514D201B2976005696E4 /* CommonFunctionRepository */ = {
			isa = PBXGroup;
			children = (
				5B05D3FB202174A600377973 /* Main */,
				5B05D403202174B500377973 /* Resources */,
				5BF5515D201B2976005696E4 /* main.m */,
				5BF55157201B2976005696E4 /* Assets.xcassets */,
				5BF55159201B2976005696E4 /* LaunchScreen.storyboard */,
				5BF5515C201B2976005696E4 /* Info.plist */,
				5BF55154201B2976005696E4 /* Main.storyboard */,
			);
			path = CommonFunctionRepository;
			sourceTree = "<group>";
		};
		5BF55166201B2976005696E4 /* CommonFunctionRepositoryTests */ = {
			isa = PBXGroup;
			children = (
				5BF55167201B2976005696E4 /* CommonFunctionRepositoryTests.m */,
				5BF55169201B2976005696E4 /* Info.plist */,
			);
			path = CommonFunctionRepositoryTests;
			sourceTree = "<group>";
		};
		5BF55171201B2976005696E4 /* CommonFunctionRepositoryUITests */ = {
			isa = PBXGroup;
			children = (
				5BF55172201B2976005696E4 /* CommonFunctionRepositoryUITests.m */,
				5BF55174201B2976005696E4 /* Info.plist */,
			);
			path = CommonFunctionRepositoryUITests;
			sourceTree = "<group>";
		};
/* End PBXGroup section */

/* Begin PBXNativeTarget section */
		5BF5514A201B2976005696E4 /* CommonFunctionRepository */ = {
			isa = PBXNativeTarget;
			buildConfigurationList = 5BF55177201B2976005696E4 /* Build configuration list for PBXNativeTarget "CommonFunctionRepository" */;
			buildPhases = (
				5BF55147201B2976005696E4 /* Sources */,
				5BF55148201B2976005696E4 /* Frameworks */,
				5BF55149201B2976005696E4 /* Resources */,
			);
			buildRules = (
			);
			dependencies = (
			);
			name = CommonFunctionRepository;
			productName = CommonFunctionRepository;
			productReference = 5BF5514B201B2976005696E4 /* CommonFunctionRepository.app */;
			productType = "com.apple.product-type.application";
		};
		5BF55162201B2976005696E4 /* CommonFunctionRepositoryTests */ = {
			isa = PBXNativeTarget;
			buildConfigurationList = 5BF5517A201B2976005696E4 /* Build configuration list for PBXNativeTarget "CommonFunctionRepositoryTests" */;
			buildPhases = (
				5BF5515F201B2976005696E4 /* Sources */,
				5BF55160201B2976005696E4 /* Frameworks */,
				5BF55161201B2976005696E4 /* Resources */,
			);
			buildRules = (
			);
			dependencies = (
				5BF55165201B2976005696E4 /* PBXTargetDependency */,
			);
			name = CommonFunctionRepositoryTests;
			productName = CommonFunctionRepositoryTests;
			productReference = 5BF55163201B2976005696E4 /* CommonFunctionRepositoryTests.xctest */;
			productType = "com.apple.product-type.bundle.unit-test";
		};
		5BF5516D201B2976005696E4 /* CommonFunctionRepositoryUITests */ = {
			isa = PBXNativeTarget;
			buildConfigurationList = 5BF5517D201B2976005696E4 /* Build configuration list for PBXNativeTarget "CommonFunctionRepositoryUITests" */;
			buildPhases = (
				5BF5516A201B2976005696E4 /* Sources */,
				5BF5516B201B2976005696E4 /* Frameworks */,
				5BF5516C201B2976005696E4 /* Resources */,
			);
			buildRules = (
			);
			dependencies = (
				5BF55170201B2976005696E4 /* PBXTargetDependency */,
			);
			name = CommonFunctionRepositoryUITests;
			productName = CommonFunctionRepositoryUITests;
			productReference = 5BF5516E201B2976005696E4 /* CommonFunctionRepositoryUITests.xctest */;
			productType = "com.apple.product-type.bundle.ui-testing";
		};
/* End PBXNativeTarget section */

/* Begin PBXProject section */
		5BF55143201B2975005696E4 /* Project object */ = {
			isa = PBXProject;
			attributes = {
				LastUpgradeCheck = 0900;
				ORGANIZATIONNAME = JinNing;
				TargetAttributes = {
					5BF5514A201B2976005696E4 = {
						CreatedOnToolsVersion = 9.0.1;
						ProvisioningStyle = Automatic;
					};
					5BF55162201B2976005696E4 = {
						CreatedOnToolsVersion = 9.0.1;
						ProvisioningStyle = Automatic;
						TestTargetID = 5BF5514A201B2976005696E4;
					};
					5BF5516D201B2976005696E4 = {
						CreatedOnToolsVersion = 9.0.1;
						ProvisioningStyle = Automatic;
						TestTargetID = 5BF5514A201B2976005696E4;
					};
				};
			};
			buildConfigurationList = 5BF55146201B2976005696E4 /* Build configuration list for PBXProject "CommonFunctionRepository" */;
			compatibilityVersion = "Xcode 8.0";
			developmentRegion = en;
			hasScannedForEncodings = 0;
			knownRegions = (
				en,
				Base,
			);
			mainGroup = 5BF55142201B2975005696E4;
			productRefGroup = 5BF5514C201B2976005696E4 /* Products */;
			projectDirPath = "";
			projectRoot = "";
			targets = (
				5BF5514A201B2976005696E4 /* CommonFunctionRepository */,
				5BF55162201B2976005696E4 /* CommonFunctionRepositoryTests */,
				5BF5516D201B2976005696E4 /* CommonFunctionRepositoryUITests */,
			);
		};
/* End PBXProject section */

/* Begin PBXResourcesBuildPhase section */
		5BF55149201B2976005696E4 /* Resources */ = {
			isa = PBXResourcesBuildPhase;
			buildActionMask = 2147483647;
			files = (
				5BF5515B201B2976005696E4 /* LaunchScreen.storyboard in Resources */,
				5BF55158201B2976005696E4 /* Assets.xcassets in Resources */,
				5BF55156201B2976005696E4 /* Main.storyboard in Resources */,
			);
			runOnlyForDeploymentPostprocessing = 0;
		};
		5BF55161201B2976005696E4 /* Resources */ = {
			isa = PBXResourcesBuildPhase;
			buildActionMask = 2147483647;
			files = (
			);
			runOnlyForDeploymentPostprocessing = 0;
		};
		5BF5516C201B2976005696E4 /* Resources */ = {
			isa = PBXResourcesBuildPhase;
			buildActionMask = 2147483647;
			files = (
			);
			runOnlyForDeploymentPostprocessing = 0;
		};
/* End PBXResourcesBuildPhase section */

/* Begin PBXSourcesBuildPhase section */
		5BF55147201B2976005696E4 /* Sources */ = {
			isa = PBXSourcesBuildPhase;
			buildActionMask = 2147483647;
			files = (
				5BF5515E201B2976005696E4 /* main.m in Sources */,
				5B71D95C2021AEC600902EBE /* BaseViewController.m in Sources */,
				5B8E1D802024502000BD2A18 /* ThreadTestViewController.m in Sources */,
				5B883896202ADFA6004E63A9 /* Test01AViewController.m in Sources */,
				5B883899202ADFB0004E63A9 /* Test01BViewController.m in Sources */,
				5B8E1D832024578100BD2A18 /* MutiThreadViewController.m in Sources */,
				5B8838A5202ADFD5004E63A9 /* Test03BViewController.m in Sources */,
				5B71D9632021BC2E00902EBE /* JNNetworkTools.m in Sources */,
				5BF55150201B2976005696E4 /* AppDelegate.m in Sources */,
				5B8838AB202B0323004E63A9 /* JNInteractiveTransition.m in Sources */,
				5B8838A2202ADFCD004E63A9 /* Test03AViewController.m in Sources */,
				5B71D9602021B3EB00902EBE /* JNPhoneInfo.m in Sources */,
				5B88389F202ADFC3004E63A9 /* Test02BViewController.m in Sources */,
				5B05D406202196BE00377973 /* MainViewController.m in Sources */,
				5B71D9662021BCA100902EBE /* JNUtilHeader.m in Sources */,
				5B8E1D7D2024335B00BD2A18 /* GCDTestViewController.m in Sources */,
				5B88389C202ADFBA004E63A9 /* Test02AViewController.m in Sources */,
				5B88388B202A937B004E63A9 /* JNAlertView.m in Sources */,
				5B47AE232029A3DB003CA421 /* BlockTestViewController.m in Sources */,
				5B8E1D86202465EA00BD2A18 /* ThreadCommunicationViewController.m in Sources */,
				5B8838A8202AE1E2004E63A9 /* Test01PresentTransition.m in Sources */,
				5B883890202ADCF9004E63A9 /* NavigationMainViewController.m in Sources */,
			);
			runOnlyForDeploymentPostprocessing = 0;
		};
		5BF5515F201B2976005696E4 /* Sources */ = {
			isa = PBXSourcesBuildPhase;
			buildActionMask = 2147483647;
			files = (
				5BF55168201B2976005696E4 /* CommonFunctionRepositoryTests.m in Sources */,
			);
			runOnlyForDeploymentPostprocessing = 0;
		};
		5BF5516A201B2976005696E4 /* Sources */ = {
			isa = PBXSourcesBuildPhase;
			buildActionMask = 2147483647;
			files = (
				5BF55173201B2976005696E4 /* CommonFunctionRepositoryUITests.m in Sources */,
			);
			runOnlyForDeploymentPostprocessing = 0;
		};
/* End PBXSourcesBuildPhase section */

/* Begin PBXTargetDependency section */
		5BF55165201B2976005696E4 /* PBXTargetDependency */ = {
			isa = PBXTargetDependency;
			target = 5BF5514A201B2976005696E4 /* CommonFunctionRepository */;
			targetProxy = 5BF55164201B2976005696E4 /* PBXContainerItemProxy */;
		};
		5BF55170201B2976005696E4 /* PBXTargetDependency */ = {
			isa = PBXTargetDependency;
			target = 5BF5514A201B2976005696E4 /* CommonFunctionRepository */;
			targetProxy = 5BF5516F201B2976005696E4 /* PBXContainerItemProxy */;
		};
/* End PBXTargetDependency section */

/* Begin PBXVariantGroup section */
		5BF55154201B2976005696E4 /* Main.storyboard */ = {
			isa = PBXVariantGroup;
			children = (
				5BF55155201B2976005696E4 /* Base */,
			);
			name = Main.storyboard;
			sourceTree = "<group>";
		};
		5BF55159201B2976005696E4 /* LaunchScreen.storyboard */ = {
			isa = PBXVariantGroup;
			children = (
				5BF5515A201B2976005696E4 /* Base */,
			);
			name = LaunchScreen.storyboard;
			sourceTree = "<group>";
		};
/* End PBXVariantGroup section */

/* Begin XCBuildConfiguration section */
		5BF55175201B2976005696E4 /* Debug */ = {
			isa = XCBuildConfiguration;
			buildSettings = {
				ALWAYS_SEARCH_USER_PATHS = NO;
				CLANG_ANALYZER_NONNULL = YES;
				CLANG_ANALYZER_NUMBER_OBJECT_CONVERSION = YES_AGGRESSIVE;
				CLANG_CXX_LANGUAGE_STANDARD = "gnu++14";
				CLANG_CXX_LIBRARY = "libc++";
				CLANG_ENABLE_MODULES = YES;
				CLANG_ENABLE_OBJC_ARC = YES;
				CLANG_WARN_BLOCK_CAPTURE_AUTORELEASING = YES;
				CLANG_WARN_BOOL_CONVERSION = YES;
				CLANG_WARN_COMMA = YES;
				CLANG_WARN_CONSTANT_CONVERSION = YES;
				CLANG_WARN_DIRECT_OBJC_ISA_USAGE = YES_ERROR;
				CLANG_WARN_DOCUMENTATION_COMMENTS = YES;
				CLANG_WARN_EMPTY_BODY = YES;
				CLANG_WARN_ENUM_CONVERSION = YES;
				CLANG_WARN_INFINITE_RECURSION = YES;
				CLANG_WARN_INT_CONVERSION = YES;
				CLANG_WARN_NON_LITERAL_NULL_CONVERSION = YES;
				CLANG_WARN_OBJC_LITERAL_CONVERSION = YES;
				CLANG_WARN_OBJC_ROOT_CLASS = YES_ERROR;
				CLANG_WARN_RANGE_LOOP_ANALYSIS = YES;
				CLANG_WARN_STRICT_PROTOTYPES = YES;
				CLANG_WARN_SUSPICIOUS_MOVE = YES;
				CLANG_WARN_UNGUARDED_AVAILABILITY = YES_AGGRESSIVE;
				CLANG_WARN_UNREACHABLE_CODE = YES;
				CLANG_WARN__DUPLICATE_METHOD_MATCH = YES;
				CODE_SIGN_IDENTITY = "iPhone Developer";
				COPY_PHASE_STRIP = NO;
				DEBUG_INFORMATION_FORMAT = dwarf;
				ENABLE_STRICT_OBJC_MSGSEND = YES;
				ENABLE_TESTABILITY = YES;
				GCC_C_LANGUAGE_STANDARD = gnu11;
				GCC_DYNAMIC_NO_PIC = NO;
				GCC_NO_COMMON_BLOCKS = YES;
				GCC_OPTIMIZATION_LEVEL = 0;
				GCC_PREPROCESSOR_DEFINITIONS = (
					"DEBUG=1",
					"$(inherited)",
				);
				GCC_WARN_64_TO_32_BIT_CONVERSION = YES;
				GCC_WARN_ABOUT_RETURN_TYPE = YES_ERROR;
				GCC_WARN_UNDECLARED_SELECTOR = YES;
				GCC_WARN_UNINITIALIZED_AUTOS = YES_AGGRESSIVE;
				GCC_WARN_UNUSED_FUNCTION = YES;
				GCC_WARN_UNUSED_VARIABLE = YES;
				IPHONEOS_DEPLOYMENT_TARGET = 11.0;
				MTL_ENABLE_DEBUG_INFO = YES;
				ONLY_ACTIVE_ARCH = YES;
				SDKROOT = iphoneos;
			};
			name = Debug;
		};
		5BF55176201B2976005696E4 /* Release */ = {
			isa = XCBuildConfiguration;
			buildSettings = {
				ALWAYS_SEARCH_USER_PATHS = NO;
				CLANG_ANALYZER_NONNULL = YES;
				CLANG_ANALYZER_NUMBER_OBJECT_CONVERSION = YES_AGGRESSIVE;
				CLANG_CXX_LANGUAGE_STANDARD = "gnu++14";
				CLANG_CXX_LIBRARY = "libc++";
				CLANG_ENABLE_MODULES = YES;
				CLANG_ENABLE_OBJC_ARC = YES;
				CLANG_WARN_BLOCK_CAPTURE_AUTORELEASING = YES;
				CLANG_WARN_BOOL_CONVERSION = YES;
				CLANG_WARN_COMMA = YES;
				CLANG_WARN_CONSTANT_CONVERSION = YES;
				CLANG_WARN_DIRECT_OBJC_ISA_USAGE = YES_ERROR;
				CLANG_WARN_DOCUMENTATION_COMMENTS = YES;
				CLANG_WARN_EMPTY_BODY = YES;
				CLANG_WARN_ENUM_CONVERSION = YES;
				CLANG_WARN_INFINITE_RECURSION = YES;
				CLANG_WARN_INT_CONVERSION = YES;
				CLANG_WARN_NON_LITERAL_NULL_CONVERSION = YES;
				CLANG_WARN_OBJC_LITERAL_CONVERSION = YES;
				CLANG_WARN_OBJC_ROOT_CLASS = YES_ERROR;
				CLANG_WARN_RANGE_LOOP_ANALYSIS = YES;
				CLANG_WARN_STRICT_PROTOTYPES = YES;
				CLANG_WARN_SUSPICIOUS_MOVE = YES;
				CLANG_WARN_UNGUARDED_AVAILABILITY = YES_AGGRESSIVE;
				CLANG_WARN_UNREACHABLE_CODE = YES;
				CLANG_WARN__DUPLICATE_METHOD_MATCH = YES;
				CODE_SIGN_IDENTITY = "iPhone Developer";
				COPY_PHASE_STRIP = NO;
				DEBUG_INFORMATION_FORMAT = "dwarf-with-dsym";
				ENABLE_NS_ASSERTIONS = NO;
				ENABLE_STRICT_OBJC_MSGSEND = YES;
				GCC_C_LANGUAGE_STANDARD = gnu11;
				GCC_NO_COMMON_BLOCKS = YES;
				GCC_WARN_64_TO_32_BIT_CONVERSION = YES;
				GCC_WARN_ABOUT_RETURN_TYPE = YES_ERROR;
				GCC_WARN_UNDECLARED_SELECTOR = YES;
				GCC_WARN_UNINITIALIZED_AUTOS = YES_AGGRESSIVE;
				GCC_WARN_UNUSED_FUNCTION = YES;
				GCC_WARN_UNUSED_VARIABLE = YES;
				IPHONEOS_DEPLOYMENT_TARGET = 11.0;
				MTL_ENABLE_DEBUG_INFO = NO;
				SDKROOT = iphoneos;
				VALIDATE_PRODUCT = YES;
			};
			name = Release;
		};
		5BF55178201B2976005696E4 /* Debug */ = {
			isa = XCBuildConfiguration;
			buildSettings = {
				ASSETCATALOG_COMPILER_APPICON_NAME = AppIcon;
				CODE_SIGN_STYLE = Automatic;
				DEVELOPMENT_TEAM = 6QK53T399Q;
				INFOPLIST_FILE = CommonFunctionRepository/Info.plist;
				IPHONEOS_DEPLOYMENT_TARGET = 8.0;
				LD_RUNPATH_SEARCH_PATHS = "$(inherited) @executable_path/Frameworks";
				PRODUCT_BUNDLE_IDENTIFIER = com.jntc.CommonFunctionRepository;
				PRODUCT_NAME = "$(TARGET_NAME)";
				TARGETED_DEVICE_FAMILY = "1,2";
			};
			name = Debug;
		};
		5BF55179201B2976005696E4 /* Release */ = {
			isa = XCBuildConfiguration;
			buildSettings = {
				ASSETCATALOG_COMPILER_APPICON_NAME = AppIcon;
				CODE_SIGN_STYLE = Automatic;
				DEVELOPMENT_TEAM = 6QK53T399Q;
				INFOPLIST_FILE = CommonFunctionRepository/Info.plist;
				IPHONEOS_DEPLOYMENT_TARGET = 8.0;
				LD_RUNPATH_SEARCH_PATHS = "$(inherited) @executable_path/Frameworks";
				PRODUCT_BUNDLE_IDENTIFIER = com.jntc.CommonFunctionRepository;
				PRODUCT_NAME = "$(TARGET_NAME)";
				TARGETED_DEVICE_FAMILY = "1,2";
			};
			name = Release;
		};
		5BF5517B201B2976005696E4 /* Debug */ = {
			isa = XCBuildConfiguration;
			buildSettings = {
				BUNDLE_LOADER = "$(TEST_HOST)";
				CODE_SIGN_STYLE = Automatic;
				DEVELOPMENT_TEAM = 6QK53T399Q;
				INFOPLIST_FILE = CommonFunctionRepositoryTests/Info.plist;
				LD_RUNPATH_SEARCH_PATHS = "$(inherited) @executable_path/Frameworks @loader_path/Frameworks";
				PRODUCT_BUNDLE_IDENTIFIER = com.jntc.CommonFunctionRepositoryTests;
				PRODUCT_NAME = "$(TARGET_NAME)";
				TARGETED_DEVICE_FAMILY = "1,2";
				TEST_HOST = "$(BUILT_PRODUCTS_DIR)/CommonFunctionRepository.app/CommonFunctionRepository";
			};
			name = Debug;
		};
		5BF5517C201B2976005696E4 /* Release */ = {
			isa = XCBuildConfiguration;
			buildSettings = {
				BUNDLE_LOADER = "$(TEST_HOST)";
				CODE_SIGN_STYLE = Automatic;
				DEVELOPMENT_TEAM = 6QK53T399Q;
				INFOPLIST_FILE = CommonFunctionRepositoryTests/Info.plist;
				LD_RUNPATH_SEARCH_PATHS = "$(inherited) @executable_path/Frameworks @loader_path/Frameworks";
				PRODUCT_BUNDLE_IDENTIFIER = com.jntc.CommonFunctionRepositoryTests;
				PRODUCT_NAME = "$(TARGET_NAME)";
				TARGETED_DEVICE_FAMILY = "1,2";
				TEST_HOST = "$(BUILT_PRODUCTS_DIR)/CommonFunctionRepository.app/CommonFunctionRepository";
			};
			name = Release;
		};
		5BF5517E201B2976005696E4 /* Debug */ = {
			isa = XCBuildConfiguration;
			buildSettings = {
				CODE_SIGN_STYLE = Automatic;
				DEVELOPMENT_TEAM = 6QK53T399Q;
				INFOPLIST_FILE = CommonFunctionRepositoryUITests/Info.plist;
				LD_RUNPATH_SEARCH_PATHS = "$(inherited) @executable_path/Frameworks @loader_path/Frameworks";
				PRODUCT_BUNDLE_IDENTIFIER = com.jntc.CommonFunctionRepositoryUITests;
				PRODUCT_NAME = "$(TARGET_NAME)";
				TARGETED_DEVICE_FAMILY = "1,2";
				TEST_TARGET_NAME = CommonFunctionRepository;
			};
			name = Debug;
		};
		5BF5517F201B2976005696E4 /* Release */ = {
			isa = XCBuildConfiguration;
			buildSettings = {
				CODE_SIGN_STYLE = Automatic;
				DEVELOPMENT_TEAM = 6QK53T399Q;
				INFOPLIST_FILE = CommonFunctionRepositoryUITests/Info.plist;
				LD_RUNPATH_SEARCH_PATHS = "$(inherited) @executable_path/Frameworks @loader_path/Frameworks";
				PRODUCT_BUNDLE_IDENTIFIER = com.jntc.CommonFunctionRepositoryUITests;
				PRODUCT_NAME = "$(TARGET_NAME)";
				TARGETED_DEVICE_FAMILY = "1,2";
				TEST_TARGET_NAME = CommonFunctionRepository;
			};
			name = Release;
		};
/* End XCBuildConfiguration section */

/* Begin XCConfigurationList section */
		5BF55146201B2976005696E4 /* Build configuration list for PBXProject "CommonFunctionRepository" */ = {
			isa = XCConfigurationList;
			buildConfigurations = (
				5BF55175201B2976005696E4 /* Debug */,
				5BF55176201B2976005696E4 /* Release */,
			);
			defaultConfigurationIsVisible = 0;
			defaultConfigurationName = Release;
		};
		5BF55177201B2976005696E4 /* Build configuration list for PBXNativeTarget "CommonFunctionRepository" */ = {
			isa = XCConfigurationList;
			buildConfigurations = (
				5BF55178201B2976005696E4 /* Debug */,
				5BF55179201B2976005696E4 /* Release */,
			);
			defaultConfigurationIsVisible = 0;
			defaultConfigurationName = Release;
		};
		5BF5517A201B2976005696E4 /* Build configuration list for PBXNativeTarget "CommonFunctionRepositoryTests" */ = {
			isa = XCConfigurationList;
			buildConfigurations = (
				5BF5517B201B2976005696E4 /* Debug */,
				5BF5517C201B2976005696E4 /* Release */,
			);
			defaultConfigurationIsVisible = 0;
			defaultConfigurationName = Release;
		};
		5BF5517D201B2976005696E4 /* Build configuration list for PBXNativeTarget "CommonFunctionRepositoryUITests" */ = {
			isa = XCConfigurationList;
			buildConfigurations = (
				5BF5517E201B2976005696E4 /* Debug */,
				5BF5517F201B2976005696E4 /* Release */,
			);
			defaultConfigurationIsVisible = 0;
			defaultConfigurationName = Release;
		};
/* End XCConfigurationList section */
	};
	rootObject = 5BF55143201B2975005696E4 /* Project object */;
}
